
Microsoft Visual Studio Solution File, Format Version 12.00
# Visual Studio 2013
VisualStudioVersion = 12.0.30723.0
MinimumVisualStudioVersion = 10.0.40219.1
Project("{FAE04EC0-301F-11D3-BF4B-00C04F79EFBC}") = "DansBlog.DataAccess", "DansBlog.DataAccess\DansBlog.DataAccess.csproj", "{2476D1AE-5262-414E-87D1-1CA5A9B4E16A}"
EndProject
Project("{FAE04EC0-301F-11D3-BF4B-00C04F79EFBC}") = "DansBlog.Model", "DansBlog.Model\DansBlog.Model.csproj", "{1C593EC3-7E7F-4F54-AF6B-57D027009209}"
EndProject
Project("{FAE04EC0-301F-11D3-BF4B-00C04F79EFBC}") = "DansBlog.Services", "DansBlog.Services\DansBlog.Services.csproj", "{E3244B04-B6A9-4695-AC16-F4621206F4E6}"
EndProject
Project("{FAE04EC0-301F-11D3-BF4B-00C04F79EFBC}") = "DansBlog.Utilities", "DansBlog.Utilities\DansBlog.Utilities.csproj", "{84F9EA21-B5DF-4BAE-8470-A2E3BC449572}"
EndProject
Project("{2150E333-8FDC-42A3-9474-1A3956D46DE8}") = "Tests", "Tests", "{81C5B7C4-7C6C-4AD5-AFE0-77947E3F7522}"
EndProject
Project("{FAE04EC0-301F-11D3-BF4B-00C04F79EFBC}") = "DansBlog.UnitTests", "DansBlog.UnitTests\DansBlog.UnitTests.csproj", "{579C6BCA-E03D-410A-A5A5-DE8D237A2969}"
EndProject
Project("{FAE04EC0-301F-11D3-BF4B-00C04F79EFBC}") = "DansBlog.IntegrationTests", "DansBlog.IntegrationTests\DansBlog.IntegrationTests.csproj", "{88C3D474-F8B4-40DA-BFD9-0E308555DDD4}"
EndProject
Project("{FAE04EC0-301F-11D3-BF4B-00C04F79EFBC}") = "DansBlog.Repository", "DansBlog.Repository\DansBlog.Repository.csproj", "{9C7D2250-18EC-437B-B563-CD7E89A93823}"
EndProject
Project("{FAE04EC0-301F-11D3-BF4B-00C04F79EFBC}") = "DansBlog.Presentation", "DansBlog.Presentation\DansBlog.Presentation.csproj", "{A7678CD8-4ABB-4535-B3C2-E52AA6CE0702}"
EndProject
Global
	GlobalSection(SolutionConfigurationPlatforms) = preSolution
		Debug|Any CPU = Debug|Any CPU
		Release|Any CPU = Release|Any CPU
	EndGlobalSection
	GlobalSection(ProjectConfigurationPlatforms) = postSolution
		{2476D1AE-5262-414E-87D1-1CA5A9B4E16A}.Debug|Any CPU.ActiveCfg = Debug|Any CPU
		{2476D1AE-5262-414E-87D1-1CA5A9B4E16A}.Debug|Any CPU.Build.0 = Debug|Any CPU
		{2476D1AE-5262-414E-87D1-1CA5A9B4E16A}.Release|Any CPU.ActiveCfg = Release|Any CPU
		{2476D1AE-5262-414E-87D1-1CA5A9B4E16A}.Release|Any CPU.Build.0 = Release|Any CPU
		{1C593EC3-7E7F-4F54-AF6B-57D027009209}.Debug|Any CPU.ActiveCfg = Debug|Any CPU
		{1C593EC3-7E7F-4F54-AF6B-57D027009209}.Debug|Any CPU.Build.0 = Debug|Any CPU
		{1C593EC3-7E7F-4F54-AF6B-57D027009209}.Release|Any CPU.ActiveCfg = Release|Any CPU
		{1C593EC3-7E7F-4F54-AF6B-57D027009209}.Release|Any CPU.Build.0 = Release|Any CPU
		{E3244B04-B6A9-4695-AC16-F4621206F4E6}.Debug|Any CPU.ActiveCfg = Debug|Any CPU
		{E3244B04-B6A9-4695-AC16-F4621206F4E6}.Debug|Any CPU.Build.0 = Debug|Any CPU
		{E3244B04-B6A9-4695-AC16-F4621206F4E6}.Release|Any CPU.ActiveCfg = Release|Any CPU
		{E3244B04-B6A9-4695-AC16-F4621206F4E6}.Release|Any CPU.Build.0 = Release|Any CPU
		{84F9EA21-B5DF-4BAE-8470-A2E3BC449572}.Debug|Any CPU.ActiveCfg = Debug|Any CPU
		{84F9EA21-B5DF-4BAE-8470-A2E3BC449572}.Debug|Any CPU.Build.0 = Debug|Any CPU
		{84F9EA21-B5DF-4BAE-8470-A2E3BC449572}.Release|Any CPU.ActiveCfg = Release|Any CPU
		{84F9EA21-B5DF-4BAE-8470-A2E3BC449572}.Release|Any CPU.Build.0 = Release|Any CPU
		{579C6BCA-E03D-410A-A5A5-DE8D237A2969}.Debug|Any CPU.ActiveCfg = Debug|Any CPU
		{579C6BCA-E03D-410A-A5A5-DE8D237A2969}.Debug|Any CPU.Build.0 = Debug|Any CPU
		{579C6BCA-E03D-410A-A5A5-DE8D237A2969}.Release|Any CPU.ActiveCfg = Release|Any CPU
		{579C6BCA-E03D-410A-A5A5-DE8D237A2969}.Release|Any CPU.Build.0 = Release|Any CPU
		{88C3D474-F8B4-40DA-BFD9-0E308555DDD4}.Debug|Any CPU.ActiveCfg = Debug|Any CPU
		{88C3D474-F8B4-40DA-BFD9-0E308555DDD4}.Debug|Any CPU.Build.0 = Debug|Any CPU
		{88C3D474-F8B4-40DA-BFD9-0E308555DDD4}.Release|Any CPU.ActiveCfg = Release|Any CPU
		{88C3D474-F8B4-40DA-BFD9-0E308555DDD4}.Release|Any CPU.Build.0 = Release|Any CPU
		{9C7D2250-18EC-437B-B563-CD7E89A93823}.Debug|Any CPU.ActiveCfg = Debug|Any CPU
		{9C7D2250-18EC-437B-B563-CD7E89A93823}.Debug|Any CPU.Build.0 = Debug|Any CPU
		{9C7D2250-18EC-437B-B563-CD7E89A93823}.Release|Any CPU.ActiveCfg = Release|Any CPU
		{9C7D2250-18EC-437B-B563-CD7E89A93823}.Release|Any CPU.Build.0 = Release|Any CPU
		{A7678CD8-4ABB-4535-B3C2-E52AA6CE0702}.Debug|Any CPU.ActiveCfg = Debug|Any CPU
		{A7678CD8-4ABB-4535-B3C2-E52AA6CE0702}.Debug|Any CPU.Build.0 = Debug|Any CPU
		{A7678CD8-4ABB-4535-B3C2-E52AA6CE0702}.Release|Any CPU.ActiveCfg = Release|Any CPU
		{A7678CD8-4ABB-4535-B3C2-E52AA6CE0702}.Release|Any CPU.Build.0 = Release|Any CPU
	EndGlobalSection
	GlobalSection(SolutionProperties) = preSolution
		HideSolutionNode = FALSE
	EndGlobalSection
	GlobalSection(NestedProjects) = preSolution
		{579C6BCA-E03D-410A-A5A5-DE8D237A2969} = {81C5B7C4-7C6C-4AD5-AFE0-77947E3F7522}
		{88C3D474-F8B4-40DA-BFD9-0E308555DDD4} = {81C5B7C4-7C6C-4AD5-AFE0-77947E3F7522}
	EndGlobalSection
EndGlobal
